// !$*UTF8*$!
{
	archiveVersion = 1;
	classes = {
	};
	objectVersion = 56;
	objects = {

/* Begin PBXBuildFile section */
		7910BE2F2B79387B00B09DFE /* NamingFlowLogic.swift in Sources */ = {isa = PBXBuildFile; fileRef = 7910BE2E2B79387B00B09DFE /* NamingFlowLogic.swift */; };
		7910BE312B793C5100B09DFE /* NameCompleteLogic.swift in Sources */ = {isa = PBXBuildFile; fileRef = 7910BE302B793C5100B09DFE /* NameCompleteLogic.swift */; };
		7910BE342B793E0E00B09DFE /* NamingFlowLogicTests.swift in Sources */ = {isa = PBXBuildFile; fileRef = 7910BE332B793E0E00B09DFE /* NamingFlowLogicTests.swift */; };
		7910BE362B79449400B09DFE /* FirstNameScreen.swift in Sources */ = {isa = PBXBuildFile; fileRef = 7910BE352B79449400B09DFE /* FirstNameScreen.swift */; };
		7910BE382B79490400B09DFE /* NameCompleteScreen.swift in Sources */ = {isa = PBXBuildFile; fileRef = 7910BE372B79490400B09DFE /* NameCompleteScreen.swift */; };
		7910BE3A2B79491A00B09DFE /* FamilyNameScreen.swift in Sources */ = {isa = PBXBuildFile; fileRef = 7910BE392B79491A00B09DFE /* FamilyNameScreen.swift */; };
		7910BE3D2B794DB200B09DFE /* ButtonMode.swift in Sources */ = {isa = PBXBuildFile; fileRef = 7910BE3C2B794DB200B09DFE /* ButtonMode.swift */; };
		7910BE402B794DE100B09DFE /* NextButton.swift in Sources */ = {isa = PBXBuildFile; fileRef = 7910BE3F2B794DE100B09DFE /* NextButton.swift */; };
		7910BE422B79558C00B09DFE /* StringExtensions.swift in Sources */ = {isa = PBXBuildFile; fileRef = 7910BE412B79558C00B09DFE /* StringExtensions.swift */; };
		7910BE442B79592200B09DFE /* HomeScreenLogic.swift in Sources */ = {isa = PBXBuildFile; fileRef = 7910BE432B79592200B09DFE /* HomeScreenLogic.swift */; };
		7910BE462B79688D00B09DFE /* HomeScreenView.swift in Sources */ = {isa = PBXBuildFile; fileRef = 7910BE452B79688D00B09DFE /* HomeScreenView.swift */; };
		7910BE492B796DA100B09DFE /* OnboardingModel.swift in Sources */ = {isa = PBXBuildFile; fileRef = 7910BE482B796DA100B09DFE /* OnboardingModel.swift */; };
		7910BE4B2B7A975E00B09DFE /* DataManager.swift in Sources */ = {isa = PBXBuildFile; fileRef = 7910BE4A2B7A975E00B09DFE /* DataManager.swift */; };
		7910BE4F2B7B72F900B09DFE /* OnboardingCompleteLogicTests.swift in Sources */ = {isa = PBXBuildFile; fileRef = 7910BE4E2B7B72F900B09DFE /* OnboardingCompleteLogicTests.swift */; };
		79CC30712B775C10007CC035 /* MultipleFlowExample.swift in Sources */ = {isa = PBXBuildFile; fileRef = 79CC30702B775C10007CC035 /* MultipleFlowExample.swift */; };
		79CC30752B775C13007CC035 /* Assets.xcassets in Resources */ = {isa = PBXBuildFile; fileRef = 79CC30742B775C13007CC035 /* Assets.xcassets */; };
		79CC30792B775C13007CC035 /* Preview Assets.xcassets in Resources */ = {isa = PBXBuildFile; fileRef = 79CC30782B775C13007CC035 /* Preview Assets.xcassets */; };
		79CC30832B775C13007CC035 /* WelcomeScreenLogicTests.swift in Sources */ = {isa = PBXBuildFile; fileRef = 79CC30822B775C13007CC035 /* WelcomeScreenLogicTests.swift */; };
		79CC308D2B775C13007CC035 /* NavigationStackExampleUITests.swift in Sources */ = {isa = PBXBuildFile; fileRef = 79CC308C2B775C13007CC035 /* NavigationStackExampleUITests.swift */; };
		79CC308F2B775C13007CC035 /* NavigationStackExampleUITestsLaunchTests.swift in Sources */ = {isa = PBXBuildFile; fileRef = 79CC308E2B775C13007CC035 /* NavigationStackExampleUITestsLaunchTests.swift */; };
		79CC309D2B776726007CC035 /* ComposableArchitecture in Frameworks */ = {isa = PBXBuildFile; productRef = 79CC309C2B776726007CC035 /* ComposableArchitecture */; };
		79CC30A22B776859007CC035 /* WelcomeScreenLogic.swift in Sources */ = {isa = PBXBuildFile; fileRef = 79CC30A12B776859007CC035 /* WelcomeScreenLogic.swift */; };
		79CC30A52B776986007CC035 /* YearOfBirthLogic.swift in Sources */ = {isa = PBXBuildFile; fileRef = 79CC30A42B776986007CC035 /* YearOfBirthLogic.swift */; };
		79CC30A72B7770AC007CC035 /* YearOfBirthLogicTests.swift in Sources */ = {isa = PBXBuildFile; fileRef = 79CC30A62B7770AC007CC035 /* YearOfBirthLogicTests.swift */; };
		79CC30A92B7772FE007CC035 /* AgeHelperTests.swift in Sources */ = {isa = PBXBuildFile; fileRef = 79CC30A82B7772FE007CC035 /* AgeHelperTests.swift */; };
		79CC30AB2B777313007CC035 /* AgeHelper.swift in Sources */ = {isa = PBXBuildFile; fileRef = 79CC30AA2B777313007CC035 /* AgeHelper.swift */; };
		79CC30AD2B777736007CC035 /* OnboardingCompleteLogic.swift in Sources */ = {isa = PBXBuildFile; fileRef = 79CC30AC2B777736007CC035 /* OnboardingCompleteLogic.swift */; };
		79CC30B02B777ACA007CC035 /* FirstNameScreenLogicTests.swift in Sources */ = {isa = PBXBuildFile; fileRef = 79CC30AF2B777ACA007CC035 /* FirstNameScreenLogicTests.swift */; };
		79CC30B22B777B33007CC035 /* NamingFlowStack.swift in Sources */ = {isa = PBXBuildFile; fileRef = 79CC30B12B777B33007CC035 /* NamingFlowStack.swift */; };
		79CC30B42B777E98007CC035 /* FirstNameScreenLogic.swift in Sources */ = {isa = PBXBuildFile; fileRef = 79CC30B32B777E98007CC035 /* FirstNameScreenLogic.swift */; };
		79CC30B62B777F1E007CC035 /* FamilyNameScreenLogic.swift in Sources */ = {isa = PBXBuildFile; fileRef = 79CC30B52B777F1E007CC035 /* FamilyNameScreenLogic.swift */; };
		79CC30B82B7780C3007CC035 /* WelcomeView.swift in Sources */ = {isa = PBXBuildFile; fileRef = 79CC30B72B7780C3007CC035 /* WelcomeView.swift */; };
		79CC30BB2B79222D007CC035 /* YearOfBirthScreen.swift in Sources */ = {isa = PBXBuildFile; fileRef = 79CC30BA2B79222D007CC035 /* YearOfBirthScreen.swift */; };
		79CC30BD2B7925B5007CC035 /* OnboardingCompleteScreen.swift in Sources */ = {isa = PBXBuildFile; fileRef = 79CC30BC2B7925B5007CC035 /* OnboardingCompleteScreen.swift */; };
/* End PBXBuildFile section */

/* Begin PBXContainerItemProxy section */
		79CC307F2B775C13007CC035 /* PBXContainerItemProxy */ = {
			isa = PBXContainerItemProxy;
			containerPortal = 79CC30652B775C10007CC035 /* Project object */;
			proxyType = 1;
			remoteGlobalIDString = 79CC306C2B775C10007CC035;
			remoteInfo = NavigationStackExample;
		};
		79CC30892B775C13007CC035 /* PBXContainerItemProxy */ = {
			isa = PBXContainerItemProxy;
			containerPortal = 79CC30652B775C10007CC035 /* Project object */;
			proxyType = 1;
			remoteGlobalIDString = 79CC306C2B775C10007CC035;
			remoteInfo = NavigationStackExample;
		};
/* End PBXContainerItemProxy section */

/* Begin PBXFileReference section */
		7910BE2E2B79387B00B09DFE /* NamingFlowLogic.swift */ = {isa = PBXFileReference; lastKnownFileType = sourcecode.swift; path = NamingFlowLogic.swift; sourceTree = "<group>"; };
		7910BE302B793C5100B09DFE /* NameCompleteLogic.swift */ = {isa = PBXFileReference; lastKnownFileType = sourcecode.swift; path = NameCompleteLogic.swift; sourceTree = "<group>"; };
		7910BE332B793E0E00B09DFE /* NamingFlowLogicTests.swift */ = {isa = PBXFileReference; lastKnownFileType = sourcecode.swift; path = NamingFlowLogicTests.swift; sourceTree = "<group>"; };
		7910BE352B79449400B09DFE /* FirstNameScreen.swift */ = {isa = PBXFileReference; lastKnownFileType = sourcecode.swift; path = FirstNameScreen.swift; sourceTree = "<group>"; };
		7910BE372B79490400B09DFE /* NameCompleteScreen.swift */ = {isa = PBXFileReference; lastKnownFileType = sourcecode.swift; path = NameCompleteScreen.swift; sourceTree = "<group>"; };
		7910BE392B79491A00B09DFE /* FamilyNameScreen.swift */ = {isa = PBXFileReference; lastKnownFileType = sourcecode.swift; path = FamilyNameScreen.swift; sourceTree = "<group>"; };
		7910BE3C2B794DB200B09DFE /* ButtonMode.swift */ = {isa = PBXFileReference; lastKnownFileType = sourcecode.swift; path = ButtonMode.swift; sourceTree = "<group>"; };
		7910BE3F2B794DE100B09DFE /* NextButton.swift */ = {isa = PBXFileReference; lastKnownFileType = sourcecode.swift; path = NextButton.swift; sourceTree = "<group>"; };
		7910BE412B79558C00B09DFE /* StringExtensions.swift */ = {isa = PBXFileReference; lastKnownFileType = sourcecode.swift; path = StringExtensions.swift; sourceTree = "<group>"; };
		7910BE432B79592200B09DFE /* HomeScreenLogic.swift */ = {isa = PBXFileReference; lastKnownFileType = sourcecode.swift; path = HomeScreenLogic.swift; sourceTree = "<group>"; };
		7910BE452B79688D00B09DFE /* HomeScreenView.swift */ = {isa = PBXFileReference; lastKnownFileType = sourcecode.swift; path = HomeScreenView.swift; sourceTree = "<group>"; };
		7910BE482B796DA100B09DFE /* OnboardingModel.swift */ = {isa = PBXFileReference; lastKnownFileType = sourcecode.swift; path = OnboardingModel.swift; sourceTree = "<group>"; };
		7910BE4A2B7A975E00B09DFE /* DataManager.swift */ = {isa = PBXFileReference; lastKnownFileType = sourcecode.swift; path = DataManager.swift; sourceTree = "<group>"; };
		7910BE4E2B7B72F900B09DFE /* OnboardingCompleteLogicTests.swift */ = {isa = PBXFileReference; lastKnownFileType = sourcecode.swift; path = OnboardingCompleteLogicTests.swift; sourceTree = "<group>"; };
		79CC306D2B775C10007CC035 /* NavigationStackExample.app */ = {isa = PBXFileReference; explicitFileType = wrapper.application; includeInIndex = 0; path = NavigationStackExample.app; sourceTree = BUILT_PRODUCTS_DIR; };
		79CC30702B775C10007CC035 /* MultipleFlowExample.swift */ = {isa = PBXFileReference; lastKnownFileType = sourcecode.swift; path = MultipleFlowExample.swift; sourceTree = "<group>"; };
		79CC30742B775C13007CC035 /* Assets.xcassets */ = {isa = PBXFileReference; lastKnownFileType = folder.assetcatalog; path = Assets.xcassets; sourceTree = "<group>"; };
		79CC30762B775C13007CC035 /* NavigationStackExample.entitlements */ = {isa = PBXFileReference; lastKnownFileType = text.plist.entitlements; path = NavigationStackExample.entitlements; sourceTree = "<group>"; };
		79CC30782B775C13007CC035 /* Preview Assets.xcassets */ = {isa = PBXFileReference; lastKnownFileType = folder.assetcatalog; path = "Preview Assets.xcassets"; sourceTree = "<group>"; };
		79CC307E2B775C13007CC035 /* NavigationStackExampleTests.xctest */ = {isa = PBXFileReference; explicitFileType = wrapper.cfbundle; includeInIndex = 0; path = NavigationStackExampleTests.xctest; sourceTree = BUILT_PRODUCTS_DIR; };
		79CC30822B775C13007CC035 /* WelcomeScreenLogicTests.swift */ = {isa = PBXFileReference; lastKnownFileType = sourcecode.swift; path = WelcomeScreenLogicTests.swift; sourceTree = "<group>"; };
		79CC30882B775C13007CC035 /* NavigationStackExampleUITests.xctest */ = {isa = PBXFileReference; explicitFileType = wrapper.cfbundle; includeInIndex = 0; path = NavigationStackExampleUITests.xctest; sourceTree = BUILT_PRODUCTS_DIR; };
		79CC308C2B775C13007CC035 /* NavigationStackExampleUITests.swift */ = {isa = PBXFileReference; lastKnownFileType = sourcecode.swift; path = NavigationStackExampleUITests.swift; sourceTree = "<group>"; };
		79CC308E2B775C13007CC035 /* NavigationStackExampleUITestsLaunchTests.swift */ = {isa = PBXFileReference; lastKnownFileType = sourcecode.swift; path = NavigationStackExampleUITestsLaunchTests.swift; sourceTree = "<group>"; };
		79CC30A12B776859007CC035 /* WelcomeScreenLogic.swift */ = {isa = PBXFileReference; lastKnownFileType = sourcecode.swift; path = WelcomeScreenLogic.swift; sourceTree = "<group>"; };
		79CC30A42B776986007CC035 /* YearOfBirthLogic.swift */ = {isa = PBXFileReference; lastKnownFileType = sourcecode.swift; path = YearOfBirthLogic.swift; sourceTree = "<group>"; };
		79CC30A62B7770AC007CC035 /* YearOfBirthLogicTests.swift */ = {isa = PBXFileReference; lastKnownFileType = sourcecode.swift; path = YearOfBirthLogicTests.swift; sourceTree = "<group>"; };
		79CC30A82B7772FE007CC035 /* AgeHelperTests.swift */ = {isa = PBXFileReference; lastKnownFileType = sourcecode.swift; path = AgeHelperTests.swift; sourceTree = "<group>"; };
		79CC30AA2B777313007CC035 /* AgeHelper.swift */ = {isa = PBXFileReference; lastKnownFileType = sourcecode.swift; path = AgeHelper.swift; sourceTree = "<group>"; };
		79CC30AC2B777736007CC035 /* OnboardingCompleteLogic.swift */ = {isa = PBXFileReference; lastKnownFileType = sourcecode.swift; path = OnboardingCompleteLogic.swift; sourceTree = "<group>"; };
		79CC30AF2B777ACA007CC035 /* FirstNameScreenLogicTests.swift */ = {isa = PBXFileReference; lastKnownFileType = sourcecode.swift; path = FirstNameScreenLogicTests.swift; sourceTree = "<group>"; };
		79CC30B12B777B33007CC035 /* NamingFlowStack.swift */ = {isa = PBXFileReference; lastKnownFileType = sourcecode.swift; path = NamingFlowStack.swift; sourceTree = "<group>"; };
		79CC30B32B777E98007CC035 /* FirstNameScreenLogic.swift */ = {isa = PBXFileReference; lastKnownFileType = sourcecode.swift; path = FirstNameScreenLogic.swift; sourceTree = "<group>"; };
		79CC30B52B777F1E007CC035 /* FamilyNameScreenLogic.swift */ = {isa = PBXFileReference; lastKnownFileType = sourcecode.swift; path = FamilyNameScreenLogic.swift; sourceTree = "<group>"; };
		79CC30B72B7780C3007CC035 /* WelcomeView.swift */ = {isa = PBXFileReference; lastKnownFileType = sourcecode.swift; path = WelcomeView.swift; sourceTree = "<group>"; };
		79CC30BA2B79222D007CC035 /* YearOfBirthScreen.swift */ = {isa = PBXFileReference; lastKnownFileType = sourcecode.swift; path = YearOfBirthScreen.swift; sourceTree = "<group>"; };
		79CC30BC2B7925B5007CC035 /* OnboardingCompleteScreen.swift */ = {isa = PBXFileReference; lastKnownFileType = sourcecode.swift; path = OnboardingCompleteScreen.swift; sourceTree = "<group>"; };
/* End PBXFileReference section */

/* Begin PBXFrameworksBuildPhase section */
		79CC306A2B775C10007CC035 /* Frameworks */ = {
			isa = PBXFrameworksBuildPhase;
			buildActionMask = 2147483647;
			files = (
				79CC309D2B776726007CC035 /* ComposableArchitecture in Frameworks */,
			);
			runOnlyForDeploymentPostprocessing = 0;
		};
		79CC307B2B775C13007CC035 /* Frameworks */ = {
			isa = PBXFrameworksBuildPhase;
			buildActionMask = 2147483647;
			files = (
			);
			runOnlyForDeploymentPostprocessing = 0;
		};
		79CC30852B775C13007CC035 /* Frameworks */ = {
			isa = PBXFrameworksBuildPhase;
			buildActionMask = 2147483647;
			files = (
			);
			runOnlyForDeploymentPostprocessing = 0;
		};
/* End PBXFrameworksBuildPhase section */

/* Begin PBXGroup section */
		7910BE322B793C6700B09DFE /* NamingFlow */ = {
			isa = PBXGroup;
			children = (
				7910BE2E2B79387B00B09DFE /* NamingFlowLogic.swift */,
				79CC30B12B777B33007CC035 /* NamingFlowStack.swift */,
				79CC30B32B777E98007CC035 /* FirstNameScreenLogic.swift */,
				79CC30B52B777F1E007CC035 /* FamilyNameScreenLogic.swift */,
				7910BE302B793C5100B09DFE /* NameCompleteLogic.swift */,
			);
			path = NamingFlow;
			sourceTree = "<group>";
		};
		7910BE3B2B79496900B09DFE /* NamingFlow */ = {
			isa = PBXGroup;
			children = (
				7910BE352B79449400B09DFE /* FirstNameScreen.swift */,
				7910BE392B79491A00B09DFE /* FamilyNameScreen.swift */,
				7910BE372B79490400B09DFE /* NameCompleteScreen.swift */,
			);
			path = NamingFlow;
			sourceTree = "<group>";
		};
		7910BE3E2B794DC900B09DFE /* Shared */ = {
			isa = PBXGroup;
			children = (
				7910BE3C2B794DB200B09DFE /* ButtonMode.swift */,
				7910BE3F2B794DE100B09DFE /* NextButton.swift */,
				7910BE412B79558C00B09DFE /* StringExtensions.swift */,
			);
			path = Shared;
			sourceTree = "<group>";
		};
		79CC30642B775C10007CC035 = {
			isa = PBXGroup;
			children = (
				79CC306F2B775C10007CC035 /* NavigationStackExample */,
				79CC30812B775C13007CC035 /* NavigationStackExampleTests */,
				79CC308B2B775C13007CC035 /* NavigationStackExampleUITests */,
				79CC306E2B775C10007CC035 /* Products */,
				79CC309E2B7767DA007CC035 /* Frameworks */,
			);
			sourceTree = "<group>";
		};
		79CC306E2B775C10007CC035 /* Products */ = {
			isa = PBXGroup;
			children = (
				79CC306D2B775C10007CC035 /* NavigationStackExample.app */,
				79CC307E2B775C13007CC035 /* NavigationStackExampleTests.xctest */,
				79CC30882B775C13007CC035 /* NavigationStackExampleUITests.xctest */,
			);
			name = Products;
			sourceTree = "<group>";
		};
		79CC306F2B775C10007CC035 /* NavigationStackExample */ = {
			isa = PBXGroup;
			children = (
				79CC30702B775C10007CC035 /* MultipleFlowExample.swift */,
				79CC30742B775C13007CC035 /* Assets.xcassets */,
				79CC30762B775C13007CC035 /* NavigationStackExample.entitlements */,
				79CC30772B775C13007CC035 /* Preview Content */,
				79CC30B92B7780C7007CC035 /* View */,
				79CC30A32B77685C007CC035 /* Business */,
				79CC30AE2B7777AE007CC035 /* Dependencies */,
				7910BE3E2B794DC900B09DFE /* Shared */,
			);
			path = NavigationStackExample;
			sourceTree = "<group>";
		};
		79CC30772B775C13007CC035 /* Preview Content */ = {
			isa = PBXGroup;
			children = (
				79CC30782B775C13007CC035 /* Preview Assets.xcassets */,
			);
			path = "Preview Content";
			sourceTree = "<group>";
		};
		79CC30812B775C13007CC035 /* NavigationStackExampleTests */ = {
			isa = PBXGroup;
			children = (
				79CC30822B775C13007CC035 /* WelcomeScreenLogicTests.swift */,
				79CC30A62B7770AC007CC035 /* YearOfBirthLogicTests.swift */,
				7910BE4E2B7B72F900B09DFE /* OnboardingCompleteLogicTests.swift */,
				79CC30A82B7772FE007CC035 /* AgeHelperTests.swift */,
				79CC30AF2B777ACA007CC035 /* FirstNameScreenLogicTests.swift */,
				7910BE332B793E0E00B09DFE /* NamingFlowLogicTests.swift */,
			);
			path = NavigationStackExampleTests;
			sourceTree = "<group>";
		};
		79CC308B2B775C13007CC035 /* NavigationStackExampleUITests */ = {
			isa = PBXGroup;
			children = (
				79CC308C2B775C13007CC035 /* NavigationStackExampleUITests.swift */,
				79CC308E2B775C13007CC035 /* NavigationStackExampleUITestsLaunchTests.swift */,
			);
			path = NavigationStackExampleUITests;
			sourceTree = "<group>";
		};
		79CC309E2B7767DA007CC035 /* Frameworks */ = {
			isa = PBXGroup;
			children = (
			);
			name = Frameworks;
			sourceTree = "<group>";
		};
		79CC30A32B77685C007CC035 /* Business */ = {
			isa = PBXGroup;
			children = (
				79CC30A12B776859007CC035 /* WelcomeScreenLogic.swift */,
				79CC30A42B776986007CC035 /* YearOfBirthLogic.swift */,
				79CC30AC2B777736007CC035 /* OnboardingCompleteLogic.swift */,
				7910BE432B79592200B09DFE /* HomeScreenLogic.swift */,
				7910BE322B793C6700B09DFE /* NamingFlow */,
			);
			path = Business;
			sourceTree = "<group>";
		};
		79CC30AE2B7777AE007CC035 /* Dependencies */ = {
			isa = PBXGroup;
			children = (
				79CC30AA2B777313007CC035 /* AgeHelper.swift */,
				7910BE482B796DA100B09DFE /* OnboardingModel.swift */,
				7910BE4A2B7A975E00B09DFE /* DataManager.swift */,
			);
			path = Dependencies;
			sourceTree = "<group>";
		};
		79CC30B92B7780C7007CC035 /* View */ = {
			isa = PBXGroup;
			children = (
				79CC30B72B7780C3007CC035 /* WelcomeView.swift */,
				79CC30BA2B79222D007CC035 /* YearOfBirthScreen.swift */,
				79CC30BC2B7925B5007CC035 /* OnboardingCompleteScreen.swift */,
				7910BE3B2B79496900B09DFE /* NamingFlow */,
				7910BE452B79688D00B09DFE /* HomeScreenView.swift */,
			);
			path = View;
			sourceTree = "<group>";
		};
/* End PBXGroup section */

/* Begin PBXNativeTarget section */
		79CC306C2B775C10007CC035 /* NavigationStackExample */ = {
			isa = PBXNativeTarget;
			buildConfigurationList = 79CC30922B775C13007CC035 /* Build configuration list for PBXNativeTarget "NavigationStackExample" */;
			buildPhases = (
				79CC30692B775C10007CC035 /* Sources */,
				79CC306A2B775C10007CC035 /* Frameworks */,
				79CC306B2B775C10007CC035 /* Resources */,
			);
			buildRules = (
			);
			dependencies = (
			);
			name = NavigationStackExample;
			packageProductDependencies = (
				79CC309C2B776726007CC035 /* ComposableArchitecture */,
			);
			productName = NavigationStackExample;
			productReference = 79CC306D2B775C10007CC035 /* NavigationStackExample.app */;
			productType = "com.apple.product-type.application";
		};
		79CC307D2B775C13007CC035 /* NavigationStackExampleTests */ = {
			isa = PBXNativeTarget;
			buildConfigurationList = 79CC30952B775C13007CC035 /* Build configuration list for PBXNativeTarget "NavigationStackExampleTests" */;
			buildPhases = (
				79CC307A2B775C13007CC035 /* Sources */,
				79CC307B2B775C13007CC035 /* Frameworks */,
				79CC307C2B775C13007CC035 /* Resources */,
			);
			buildRules = (
			);
			dependencies = (
				79CC30802B775C13007CC035 /* PBXTargetDependency */,
			);
			name = NavigationStackExampleTests;
			packageProductDependencies = (
			);
			productName = NavigationStackExampleTests;
			productReference = 79CC307E2B775C13007CC035 /* NavigationStackExampleTests.xctest */;
			productType = "com.apple.product-type.bundle.unit-test";
		};
		79CC30872B775C13007CC035 /* NavigationStackExampleUITests */ = {
			isa = PBXNativeTarget;
			buildConfigurationList = 79CC30982B775C13007CC035 /* Build configuration list for PBXNativeTarget "NavigationStackExampleUITests" */;
			buildPhases = (
				79CC30842B775C13007CC035 /* Sources */,
				79CC30852B775C13007CC035 /* Frameworks */,
				79CC30862B775C13007CC035 /* Resources */,
			);
			buildRules = (
			);
			dependencies = (
				79CC308A2B775C13007CC035 /* PBXTargetDependency */,
			);
			name = NavigationStackExampleUITests;
			productName = NavigationStackExampleUITests;
			productReference = 79CC30882B775C13007CC035 /* NavigationStackExampleUITests.xctest */;
			productType = "com.apple.product-type.bundle.ui-testing";
		};
/* End PBXNativeTarget section */

/* Begin PBXProject section */
		79CC30652B775C10007CC035 /* Project object */ = {
			isa = PBXProject;
			attributes = {
				BuildIndependentTargetsInParallel = 1;
				LastSwiftUpdateCheck = 1520;
				LastUpgradeCheck = 1520;
				TargetAttributes = {
					79CC306C2B775C10007CC035 = {
						CreatedOnToolsVersion = 15.2;
					};
					79CC307D2B775C13007CC035 = {
						CreatedOnToolsVersion = 15.2;
						TestTargetID = 79CC306C2B775C10007CC035;
					};
					79CC30872B775C13007CC035 = {
						CreatedOnToolsVersion = 15.2;
						TestTargetID = 79CC306C2B775C10007CC035;
					};
				};
			};
			buildConfigurationList = 79CC30682B775C10007CC035 /* Build configuration list for PBXProject "MultipleFlowExample" */;
			compatibilityVersion = "Xcode 14.0";
			developmentRegion = en;
			hasScannedForEncodings = 0;
			knownRegions = (
				en,
				Base,
			);
			mainGroup = 79CC30642B775C10007CC035;
			packageReferences = (
				79CC309B2B776726007CC035 /* XCRemoteSwiftPackageReference "swift-composable-architecture" */,
			);
			productRefGroup = 79CC306E2B775C10007CC035 /* Products */;
			projectDirPath = "";
			projectRoot = "";
			targets = (
				79CC306C2B775C10007CC035 /* NavigationStackExample */,
				79CC307D2B775C13007CC035 /* NavigationStackExampleTests */,
				79CC30872B775C13007CC035 /* NavigationStackExampleUITests */,
			);
		};
/* End PBXProject section */

/* Begin PBXResourcesBuildPhase section */
		79CC306B2B775C10007CC035 /* Resources */ = {
			isa = PBXResourcesBuildPhase;
			buildActionMask = 2147483647;
			files = (
				79CC30792B775C13007CC035 /* Preview Assets.xcassets in Resources */,
				79CC30752B775C13007CC035 /* Assets.xcassets in Resources */,
			);
			runOnlyForDeploymentPostprocessing = 0;
		};
		79CC307C2B775C13007CC035 /* Resources */ = {
			isa = PBXResourcesBuildPhase;
			buildActionMask = 2147483647;
			files = (
			);
			runOnlyForDeploymentPostprocessing = 0;
		};
		79CC30862B775C13007CC035 /* Resources */ = {
			isa = PBXResourcesBuildPhase;
			buildActionMask = 2147483647;
			files = (
			);
			runOnlyForDeploymentPostprocessing = 0;
		};
/* End PBXResourcesBuildPhase section */

/* Begin PBXSourcesBuildPhase section */
		79CC30692B775C10007CC035 /* Sources */ = {
			isa = PBXSourcesBuildPhase;
			buildActionMask = 2147483647;
			files = (
				79CC30AB2B777313007CC035 /* AgeHelper.swift in Sources */,
				79CC30B22B777B33007CC035 /* NamingFlowStack.swift in Sources */,
				79CC30BB2B79222D007CC035 /* YearOfBirthScreen.swift in Sources */,
				79CC30A22B776859007CC035 /* WelcomeScreenLogic.swift in Sources */,
				7910BE3A2B79491A00B09DFE /* FamilyNameScreen.swift in Sources */,
				7910BE4B2B7A975E00B09DFE /* DataManager.swift in Sources */,
				7910BE382B79490400B09DFE /* NameCompleteScreen.swift in Sources */,
				7910BE492B796DA100B09DFE /* OnboardingModel.swift in Sources */,
				79CC30B42B777E98007CC035 /* FirstNameScreenLogic.swift in Sources */,
				7910BE442B79592200B09DFE /* HomeScreenLogic.swift in Sources */,
				7910BE312B793C5100B09DFE /* NameCompleteLogic.swift in Sources */,
				7910BE3D2B794DB200B09DFE /* ButtonMode.swift in Sources */,
				79CC30B82B7780C3007CC035 /* WelcomeView.swift in Sources */,
				79CC30BD2B7925B5007CC035 /* OnboardingCompleteScreen.swift in Sources */,
				7910BE462B79688D00B09DFE /* HomeScreenView.swift in Sources */,
				79CC30AD2B777736007CC035 /* OnboardingCompleteLogic.swift in Sources */,
				7910BE402B794DE100B09DFE /* NextButton.swift in Sources */,
				7910BE362B79449400B09DFE /* FirstNameScreen.swift in Sources */,
				79CC30A52B776986007CC035 /* YearOfBirthLogic.swift in Sources */,
				7910BE2F2B79387B00B09DFE /* NamingFlowLogic.swift in Sources */,
				79CC30712B775C10007CC035 /* MultipleFlowExample.swift in Sources */,
				79CC30B62B777F1E007CC035 /* FamilyNameScreenLogic.swift in Sources */,
				7910BE422B79558C00B09DFE /* StringExtensions.swift in Sources */,
			);
			runOnlyForDeploymentPostprocessing = 0;
		};
		79CC307A2B775C13007CC035 /* Sources */ = {
			isa = PBXSourcesBuildPhase;
			buildActionMask = 2147483647;
			files = (
				7910BE342B793E0E00B09DFE /* NamingFlowLogicTests.swift in Sources */,
				79CC30B02B777ACA007CC035 /* FirstNameScreenLogicTests.swift in Sources */,
				7910BE4F2B7B72F900B09DFE /* OnboardingCompleteLogicTests.swift in Sources */,
				79CC30A92B7772FE007CC035 /* AgeHelperTests.swift in Sources */,
				79CC30A72B7770AC007CC035 /* YearOfBirthLogicTests.swift in Sources */,
				79CC30832B775C13007CC035 /* WelcomeScreenLogicTests.swift in Sources */,
			);
			runOnlyForDeploymentPostprocessing = 0;
		};
		79CC30842B775C13007CC035 /* Sources */ = {
			isa = PBXSourcesBuildPhase;
			buildActionMask = 2147483647;
			files = (
				79CC308F2B775C13007CC035 /* NavigationStackExampleUITestsLaunchTests.swift in Sources */,
				79CC308D2B775C13007CC035 /* NavigationStackExampleUITests.swift in Sources */,
			);
			runOnlyForDeploymentPostprocessing = 0;
		};
/* End PBXSourcesBuildPhase section */

/* Begin PBXTargetDependency section */
		79CC30802B775C13007CC035 /* PBXTargetDependency */ = {
			isa = PBXTargetDependency;
			target = 79CC306C2B775C10007CC035 /* NavigationStackExample */;
			targetProxy = 79CC307F2B775C13007CC035 /* PBXContainerItemProxy */;
		};
		79CC308A2B775C13007CC035 /* PBXTargetDependency */ = {
			isa = PBXTargetDependency;
			target = 79CC306C2B775C10007CC035 /* NavigationStackExample */;
			targetProxy = 79CC30892B775C13007CC035 /* PBXContainerItemProxy */;
		};
/* End PBXTargetDependency section */

/* Begin XCBuildConfiguration section */
		79CC30902B775C13007CC035 /* Debug */ = {
			isa = XCBuildConfiguration;
			buildSettings = {
				ALWAYS_SEARCH_USER_PATHS = NO;
				ASSETCATALOG_COMPILER_GENERATE_SWIFT_ASSET_SYMBOL_EXTENSIONS = YES;
				CLANG_ANALYZER_NONNULL = YES;
				CLANG_ANALYZER_NUMBER_OBJECT_CONVERSION = YES_AGGRESSIVE;
				CLANG_CXX_LANGUAGE_STANDARD = "gnu++20";
				CLANG_ENABLE_MODULES = YES;
				CLANG_ENABLE_OBJC_ARC = YES;
				CLANG_ENABLE_OBJC_WEAK = YES;
				CLANG_WARN_BLOCK_CAPTURE_AUTORELEASING = YES;
				CLANG_WARN_BOOL_CONVERSION = YES;
				CLANG_WARN_COMMA = YES;
				CLANG_WARN_CONSTANT_CONVERSION = YES;
				CLANG_WARN_DEPRECATED_OBJC_IMPLEMENTATIONS = YES;
				CLANG_WARN_DIRECT_OBJC_ISA_USAGE = YES_ERROR;
				CLANG_WARN_DOCUMENTATION_COMMENTS = YES;
				CLANG_WARN_EMPTY_BODY = YES;
				CLANG_WARN_ENUM_CONVERSION = YES;
				CLANG_WARN_INFINITE_RECURSION = YES;
				CLANG_WARN_INT_CONVERSION = YES;
				CLANG_WARN_NON_LITERAL_NULL_CONVERSION = YES;
				CLANG_WARN_OBJC_IMPLICIT_RETAIN_SELF = YES;
				CLANG_WARN_OBJC_LITERAL_CONVERSION = YES;
				CLANG_WARN_OBJC_ROOT_CLASS = YES_ERROR;
				CLANG_WARN_QUOTED_INCLUDE_IN_FRAMEWORK_HEADER = YES;
				CLANG_WARN_RANGE_LOOP_ANALYSIS = YES;
				CLANG_WARN_STRICT_PROTOTYPES = YES;
				CLANG_WARN_SUSPICIOUS_MOVE = YES;
				CLANG_WARN_UNGUARDED_AVAILABILITY = YES_AGGRESSIVE;
				CLANG_WARN_UNREACHABLE_CODE = YES;
				CLANG_WARN__DUPLICATE_METHOD_MATCH = YES;
				COPY_PHASE_STRIP = NO;
				DEBUG_INFORMATION_FORMAT = dwarf;
				ENABLE_STRICT_OBJC_MSGSEND = YES;
				ENABLE_TESTABILITY = YES;
				ENABLE_USER_SCRIPT_SANDBOXING = YES;
				GCC_C_LANGUAGE_STANDARD = gnu17;
				GCC_DYNAMIC_NO_PIC = NO;
				GCC_NO_COMMON_BLOCKS = YES;
				GCC_OPTIMIZATION_LEVEL = 0;
				GCC_PREPROCESSOR_DEFINITIONS = (
					"DEBUG=1",
					"$(inherited)",
				);
				GCC_WARN_64_TO_32_BIT_CONVERSION = YES;
				GCC_WARN_ABOUT_RETURN_TYPE = YES_ERROR;
				GCC_WARN_UNDECLARED_SELECTOR = YES;
				GCC_WARN_UNINITIALIZED_AUTOS = YES_AGGRESSIVE;
				GCC_WARN_UNUSED_FUNCTION = YES;
				GCC_WARN_UNUSED_VARIABLE = YES;
				IPHONEOS_DEPLOYMENT_TARGET = 16.0;
				LOCALIZATION_PREFERS_STRING_CATALOGS = YES;
				MTL_ENABLE_DEBUG_INFO = INCLUDE_SOURCE;
				MTL_FAST_MATH = YES;
				ONLY_ACTIVE_ARCH = YES;
				SWIFT_ACTIVE_COMPILATION_CONDITIONS = "DEBUG $(inherited)";
				SWIFT_OPTIMIZATION_LEVEL = "-Onone";
			};
			name = Debug;
		};
		79CC30912B775C13007CC035 /* Release */ = {
			isa = XCBuildConfiguration;
			buildSettings = {
				ALWAYS_SEARCH_USER_PATHS = NO;
				ASSETCATALOG_COMPILER_GENERATE_SWIFT_ASSET_SYMBOL_EXTENSIONS = YES;
				CLANG_ANALYZER_NONNULL = YES;
				CLANG_ANALYZER_NUMBER_OBJECT_CONVERSION = YES_AGGRESSIVE;
				CLANG_CXX_LANGUAGE_STANDARD = "gnu++20";
				CLANG_ENABLE_MODULES = YES;
				CLANG_ENABLE_OBJC_ARC = YES;
				CLANG_ENABLE_OBJC_WEAK = YES;
				CLANG_WARN_BLOCK_CAPTURE_AUTORELEASING = YES;
				CLANG_WARN_BOOL_CONVERSION = YES;
				CLANG_WARN_COMMA = YES;
				CLANG_WARN_CONSTANT_CONVERSION = YES;
				CLANG_WARN_DEPRECATED_OBJC_IMPLEMENTATIONS = YES;
				CLANG_WARN_DIRECT_OBJC_ISA_USAGE = YES_ERROR;
				CLANG_WARN_DOCUMENTATION_COMMENTS = YES;
				CLANG_WARN_EMPTY_BODY = YES;
				CLANG_WARN_ENUM_CONVERSION = YES;
				CLANG_WARN_INFINITE_RECURSION = YES;
				CLANG_WARN_INT_CONVERSION = YES;
				CLANG_WARN_NON_LITERAL_NULL_CONVERSION = YES;
				CLANG_WARN_OBJC_IMPLICIT_RETAIN_SELF = YES;
				CLANG_WARN_OBJC_LITERAL_CONVERSION = YES;
				CLANG_WARN_OBJC_ROOT_CLASS = YES_ERROR;
				CLANG_WARN_QUOTED_INCLUDE_IN_FRAMEWORK_HEADER = YES;
				CLANG_WARN_RANGE_LOOP_ANALYSIS = YES;
				CLANG_WARN_STRICT_PROTOTYPES = YES;
				CLANG_WARN_SUSPICIOUS_MOVE = YES;
				CLANG_WARN_UNGUARDED_AVAILABILITY = YES_AGGRESSIVE;
				CLANG_WARN_UNREACHABLE_CODE = YES;
				CLANG_WARN__DUPLICATE_METHOD_MATCH = YES;
				COPY_PHASE_STRIP = NO;
				DEBUG_INFORMATION_FORMAT = "dwarf-with-dsym";
				ENABLE_NS_ASSERTIONS = NO;
				ENABLE_STRICT_OBJC_MSGSEND = YES;
				ENABLE_USER_SCRIPT_SANDBOXING = YES;
				GCC_C_LANGUAGE_STANDARD = gnu17;
				GCC_NO_COMMON_BLOCKS = YES;
				GCC_WARN_64_TO_32_BIT_CONVERSION = YES;
				GCC_WARN_ABOUT_RETURN_TYPE = YES_ERROR;
				GCC_WARN_UNDECLARED_SELECTOR = YES;
				GCC_WARN_UNINITIALIZED_AUTOS = YES_AGGRESSIVE;
				GCC_WARN_UNUSED_FUNCTION = YES;
				GCC_WARN_UNUSED_VARIABLE = YES;
				IPHONEOS_DEPLOYMENT_TARGET = 16.0;
				LOCALIZATION_PREFERS_STRING_CATALOGS = YES;
				MTL_ENABLE_DEBUG_INFO = NO;
				MTL_FAST_MATH = YES;
				SWIFT_COMPILATION_MODE = wholemodule;
			};
			name = Release;
		};
		79CC30932B775C13007CC035 /* Debug */ = {
			isa = XCBuildConfiguration;
			buildSettings = {
				ASSETCATALOG_COMPILER_APPICON_NAME = AppIcon;
				ASSETCATALOG_COMPILER_GLOBAL_ACCENT_COLOR_NAME = AccentColor;
				CODE_SIGN_ENTITLEMENTS = NavigationStackExample/NavigationStackExample.entitlements;
				CODE_SIGN_STYLE = Automatic;
				CURRENT_PROJECT_VERSION = 1;
				DEVELOPMENT_ASSET_PATHS = "\"NavigationStackExample/Preview Content\"";
				DEVELOPMENT_TEAM = HRYT9ZBRF7;
				ENABLE_HARDENED_RUNTIME = YES;
				ENABLE_PREVIEWS = YES;
				GCC_SYMBOLS_PRIVATE_EXTERN = YES;
				GENERATE_INFOPLIST_FILE = YES;
				"INFOPLIST_KEY_UIApplicationSceneManifest_Generation[sdk=iphoneos*]" = YES;
				"INFOPLIST_KEY_UIApplicationSceneManifest_Generation[sdk=iphonesimulator*]" = YES;
				"INFOPLIST_KEY_UIApplicationSupportsIndirectInputEvents[sdk=iphoneos*]" = YES;
				"INFOPLIST_KEY_UIApplicationSupportsIndirectInputEvents[sdk=iphonesimulator*]" = YES;
				"INFOPLIST_KEY_UILaunchScreen_Generation[sdk=iphoneos*]" = YES;
				"INFOPLIST_KEY_UILaunchScreen_Generation[sdk=iphonesimulator*]" = YES;
				"INFOPLIST_KEY_UIStatusBarStyle[sdk=iphoneos*]" = UIStatusBarStyleDefault;
				"INFOPLIST_KEY_UIStatusBarStyle[sdk=iphonesimulator*]" = UIStatusBarStyleDefault;
				INFOPLIST_KEY_UISupportedInterfaceOrientations_iPad = "UIInterfaceOrientationPortrait UIInterfaceOrientationPortraitUpsideDown UIInterfaceOrientationLandscapeLeft UIInterfaceOrientationLandscapeRight";
				INFOPLIST_KEY_UISupportedInterfaceOrientations_iPhone = UIInterfaceOrientationPortrait;
				IPHONEOS_DEPLOYMENT_TARGET = 16.0;
				LD_RUNPATH_SEARCH_PATHS = "@executable_path/Frameworks";
				"LD_RUNPATH_SEARCH_PATHS[sdk=macosx*]" = "@executable_path/../Frameworks";
				MACOSX_DEPLOYMENT_TARGET = 14.2;
				MARKETING_VERSION = 1.0;
				PRODUCT_BUNDLE_IDENTIFIER = mahmoodies.NavigationStackExample;
				PRODUCT_NAME = "$(TARGET_NAME)";
				SDKROOT = auto;
				SUPPORTED_PLATFORMS = "iphoneos iphonesimulator";
				SUPPORTS_MACCATALYST = NO;
				SWIFT_EMIT_LOC_STRINGS = YES;
				SWIFT_VERSION = 5.0;
				TARGETED_DEVICE_FAMILY = 1;
			};
			name = Debug;
		};
		79CC30942B775C13007CC035 /* Release */ = {
			isa = XCBuildConfiguration;
			buildSettings = {
				ASSETCATALOG_COMPILER_APPICON_NAME = AppIcon;
				ASSETCATALOG_COMPILER_GLOBAL_ACCENT_COLOR_NAME = AccentColor;
				CODE_SIGN_ENTITLEMENTS = NavigationStackExample/NavigationStackExample.entitlements;
				CODE_SIGN_STYLE = Automatic;
				CURRENT_PROJECT_VERSION = 1;
				DEVELOPMENT_ASSET_PATHS = "\"NavigationStackExample/Preview Content\"";
				DEVELOPMENT_TEAM = HRYT9ZBRF7;
				ENABLE_HARDENED_RUNTIME = YES;
				ENABLE_PREVIEWS = YES;
				GCC_SYMBOLS_PRIVATE_EXTERN = YES;
				GENERATE_INFOPLIST_FILE = YES;
				"INFOPLIST_KEY_UIApplicationSceneManifest_Generation[sdk=iphoneos*]" = YES;
				"INFOPLIST_KEY_UIApplicationSceneManifest_Generation[sdk=iphonesimulator*]" = YES;
				"INFOPLIST_KEY_UIApplicationSupportsIndirectInputEvents[sdk=iphoneos*]" = YES;
				"INFOPLIST_KEY_UIApplicationSupportsIndirectInputEvents[sdk=iphonesimulator*]" = YES;
				"INFOPLIST_KEY_UILaunchScreen_Generation[sdk=iphoneos*]" = YES;
				"INFOPLIST_KEY_UILaunchScreen_Generation[sdk=iphonesimulator*]" = YES;
				"INFOPLIST_KEY_UIStatusBarStyle[sdk=iphoneos*]" = UIStatusBarStyleDefault;
				"INFOPLIST_KEY_UIStatusBarStyle[sdk=iphonesimulator*]" = UIStatusBarStyleDefault;
				INFOPLIST_KEY_UISupportedInterfaceOrientations_iPad = "UIInterfaceOrientationPortrait UIInterfaceOrientationPortraitUpsideDown UIInterfaceOrientationLandscapeLeft UIInterfaceOrientationLandscapeRight";
				INFOPLIST_KEY_UISupportedInterfaceOrientations_iPhone = UIInterfaceOrientationPortrait;
				IPHONEOS_DEPLOYMENT_TARGET = 16.0;
				LD_RUNPATH_SEARCH_PATHS = "@executable_path/Frameworks";
				"LD_RUNPATH_SEARCH_PATHS[sdk=macosx*]" = "@executable_path/../Frameworks";
				MACOSX_DEPLOYMENT_TARGET = 14.2;
				MARKETING_VERSION = 1.0;
				PRODUCT_BUNDLE_IDENTIFIER = mahmoodies.NavigationStackExample;
				PRODUCT_NAME = "$(TARGET_NAME)";
				SDKROOT = auto;
				SUPPORTED_PLATFORMS = "iphoneos iphonesimulator";
				SUPPORTS_MACCATALYST = NO;
				SWIFT_EMIT_LOC_STRINGS = YES;
				SWIFT_VERSION = 5.0;
				TARGETED_DEVICE_FAMILY = 1;
			};
			name = Release;
		};
		79CC30962B775C13007CC035 /* Debug */ = {
			isa = XCBuildConfiguration;
			buildSettings = {
				ALWAYS_EMBED_SWIFT_STANDARD_LIBRARIES = YES;
				BUNDLE_LOADER = "$(BUILT_PRODUCTS_DIR)/NavigationStackExample.app/NavigationStackExample";
				CODE_SIGN_STYLE = Automatic;
				CURRENT_PROJECT_VERSION = 1;
				DEVELOPMENT_TEAM = HRYT9ZBRF7;
				GENERATE_INFOPLIST_FILE = YES;
				IPHONEOS_DEPLOYMENT_TARGET = 17.2;
				MACOSX_DEPLOYMENT_TARGET = 14.2;
				MARKETING_VERSION = 1.0;
				PRODUCT_BUNDLE_IDENTIFIER = mahmoodies.NavigationStackExampleTests;
				PRODUCT_NAME = "$(TARGET_NAME)";
				SDKROOT = auto;
				SUPPORTED_PLATFORMS = "iphoneos iphonesimulator";
				SUPPORTS_MACCATALYST = NO;
				SWIFT_EMIT_LOC_STRINGS = NO;
				SWIFT_VERSION = 5.0;
				TARGETED_DEVICE_FAMILY = 1;
				TEST_HOST = "$(BUILT_PRODUCTS_DIR)/NavigationStackExample.app/$(BUNDLE_EXECUTABLE_FOLDER_PATH)/NavigationStackExample";
			};
			name = Debug;
		};
		79CC30972B775C13007CC035 /* Release */ = {
			isa = XCBuildConfiguration;
			buildSettings = {
				ALWAYS_EMBED_SWIFT_STANDARD_LIBRARIES = YES;
				BUNDLE_LOADER = "$(BUILT_PRODUCTS_DIR)/NavigationStackExample.app/NavigationStackExample";
				CODE_SIGN_STYLE = Automatic;
				CURRENT_PROJECT_VERSION = 1;
				DEVELOPMENT_TEAM = HRYT9ZBRF7;
				GENERATE_INFOPLIST_FILE = YES;
				IPHONEOS_DEPLOYMENT_TARGET = 17.2;
				MACOSX_DEPLOYMENT_TARGET = 14.2;
				MARKETING_VERSION = 1.0;
				PRODUCT_BUNDLE_IDENTIFIER = mahmoodies.NavigationStackExampleTests;
				PRODUCT_NAME = "$(TARGET_NAME)";
				SDKROOT = auto;
				SUPPORTED_PLATFORMS = "iphoneos iphonesimulator";
				SUPPORTS_MACCATALYST = NO;
				SWIFT_EMIT_LOC_STRINGS = NO;
				SWIFT_VERSION = 5.0;
				TARGETED_DEVICE_FAMILY = 1;
				TEST_HOST = "$(BUILT_PRODUCTS_DIR)/NavigationStackExample.app/$(BUNDLE_EXECUTABLE_FOLDER_PATH)/NavigationStackExample";
			};
			name = Release;
		};
		79CC30992B775C13007CC035 /* Debug */ = {
			isa = XCBuildConfiguration;
			buildSettings = {
				ALWAYS_EMBED_SWIFT_STANDARD_LIBRARIES = YES;
				CODE_SIGN_STYLE = Automatic;
				CURRENT_PROJECT_VERSION = 1;
				DEVELOPMENT_TEAM = HRYT9ZBRF7;
				GENERATE_INFOPLIST_FILE = YES;
				IPHONEOS_DEPLOYMENT_TARGET = 17.2;
				MACOSX_DEPLOYMENT_TARGET = 14.2;
				MARKETING_VERSION = 1.0;
				PRODUCT_BUNDLE_IDENTIFIER = mahmoodies.NavigationStackExampleUITests;
				PRODUCT_NAME = "$(TARGET_NAME)";
				SDKROOT = auto;
				SUPPORTED_PLATFORMS = "iphoneos iphonesimulator";
				SUPPORTS_MACCATALYST = NO;
				SWIFT_EMIT_LOC_STRINGS = NO;
				SWIFT_VERSION = 5.0;
				TARGETED_DEVICE_FAMILY = 1;
				TEST_TARGET_NAME = NavigationStackExample;
			};
			name = Debug;
		};
		79CC309A2B775C13007CC035 /* Release */ = {
			isa = XCBuildConfiguration;
			buildSettings = {
				ALWAYS_EMBED_SWIFT_STANDARD_LIBRARIES = YES;
				CODE_SIGN_STYLE = Automatic;
				CURRENT_PROJECT_VERSION = 1;
				DEVELOPMENT_TEAM = HRYT9ZBRF7;
				GENERATE_INFOPLIST_FILE = YES;
				IPHONEOS_DEPLOYMENT_TARGET = 17.2;
				MACOSX_DEPLOYMENT_TARGET = 14.2;
				MARKETING_VERSION = 1.0;
				PRODUCT_BUNDLE_IDENTIFIER = mahmoodies.NavigationStackExampleUITests;
				PRODUCT_NAME = "$(TARGET_NAME)";
				SDKROOT = auto;
				SUPPORTED_PLATFORMS = "iphoneos iphonesimulator";
				SUPPORTS_MACCATALYST = NO;
				SWIFT_EMIT_LOC_STRINGS = NO;
				SWIFT_VERSION = 5.0;
				TARGETED_DEVICE_FAMILY = 1;
				TEST_TARGET_NAME = NavigationStackExample;
			};
			name = Release;
		};
/* End XCBuildConfiguration section */

/* Begin XCConfigurationList section */
		79CC30682B775C10007CC035 /* Build configuration list for PBXProject "MultipleFlowExample" */ = {
			isa = XCConfigurationList;
			buildConfigurations = (
				79CC30902B775C13007CC035 /* Debug */,
				79CC30912B775C13007CC035 /* Release */,
			);
			defaultConfigurationIsVisible = 0;
			defaultConfigurationName = Release;
		};
		79CC30922B775C13007CC035 /* Build configuration list for PBXNativeTarget "NavigationStackExample" */ = {
			isa = XCConfigurationList;
			buildConfigurations = (
				79CC30932B775C13007CC035 /* Debug */,
				79CC30942B775C13007CC035 /* Release */,
			);
			defaultConfigurationIsVisible = 0;
			defaultConfigurationName = Release;
		};
		79CC30952B775C13007CC035 /* Build configuration list for PBXNativeTarget "NavigationStackExampleTests" */ = {
			isa = XCConfigurationList;
			buildConfigurations = (
				79CC30962B775C13007CC035 /* Debug */,
				79CC30972B775C13007CC035 /* Release */,
			);
			defaultConfigurationIsVisible = 0;
			defaultConfigurationName = Release;
		};
		79CC30982B775C13007CC035 /* Build configuration list for PBXNativeTarget "NavigationStackExampleUITests" */ = {
			isa = XCConfigurationList;
			buildConfigurations = (
				79CC30992B775C13007CC035 /* Debug */,
				79CC309A2B775C13007CC035 /* Release */,
			);
			defaultConfigurationIsVisible = 0;
			defaultConfigurationName = Release;
		};
/* End XCConfigurationList section */

/* Begin XCRemoteSwiftPackageReference section */
		79CC309B2B776726007CC035 /* XCRemoteSwiftPackageReference "swift-composable-architecture" */ = {
			isa = XCRemoteSwiftPackageReference;
			repositoryURL = "https://github.com/pointfreeco/swift-composable-architecture";
			requirement = {
				kind = upToNextMajorVersion;
				minimumVersion = 1.7.3;
			};
		};
/* End XCRemoteSwiftPackageReference section */

/* Begin XCSwiftPackageProductDependency section */
		79CC309C2B776726007CC035 /* ComposableArchitecture */ = {
			isa = XCSwiftPackageProductDependency;
			package = 79CC309B2B776726007CC035 /* XCRemoteSwiftPackageReference "swift-composable-architecture" */;
			productName = ComposableArchitecture;
		};
/* End XCSwiftPackageProductDependency section */
	};
	rootObject = 79CC30652B775C10007CC035 /* Project object */;
}
